PODS:
  - AlipaySDK-iOS (15.7.9)
  - Flutter (1.0.0)
  - paybox (0.0.1):
    - AlipaySDK-iOS
    - Flutter
    - WechatOpenSDK
  - WechatOpenSDK (1.8.7.1)

DEPENDENCIES:
  - Flutter (from `Flutter`)
  - paybox (from `.symlinks/plugins/paybox/ios`)

SPEC REPOS:
  trunk:
    - AlipaySDK-iOS
    - WechatOpenSDK

EXTERNAL SOURCES:
  Flutter:
    :path: Flutter
  paybox:
    :path: ".symlinks/plugins/paybox/ios"

SPEC CHECKSUMS:
  AlipaySDK-iOS: 94ff4c0e17c5e7d126b8207596d5033006534c25
  Flutter: 434fef37c0980e73bb6479ef766c45957d4b510c
  paybox: 5edd2a5c993bb531386a6d4044387a4d868cad04
  WechatOpenSDK: 6a4d1436c15b3b5fe2a0bd383f3046010186da44

PODFILE CHECKSUM: 4cbf03b6fc0856a53c4c980ec272fb58c6881f6f

COCOAPODS: 1.10.1
